
Microsoft Visual Studio Solution File, Format Version 12.00
# Visual Studio Version 17
VisualStudioVersion = 17.5.002.0
MinimumVisualStudioVersion = 10.0.40219.1
Project("{9A19103F-16F7-4668-BE54-9A1E7A4F7556}") = "MUDEK", "MUDEK.csproj", "{D6D623E0-B6F6-4F06-AD1D-52D3D0EFBE22}"
EndProject
Global
	GlobalSection(SolutionConfigurationPlatforms) = preSolution
		Debug|Any CPU = Debug|Any CPU
		Release|Any CPU = Release|Any CPU
	EndGlobalSection
	GlobalSection(ProjectConfigurationPlatforms) = postSolution
		{D6D623E0-B6F6-4F06-AD1D-52D3D0EFBE22}.Debug|Any CPU.ActiveCfg = Debug|Any CPU
		{D6D623E0-B6F6-4F06-AD1D-52D3D0EFBE22}.Debug|Any CPU.Build.0 = Debug|Any CPU
		{D6D623E0-B6F6-4F06-AD1D-52D3D0EFBE22}.Release|Any CPU.ActiveCfg = Release|Any CPU
		{D6D623E0-B6F6-4F06-AD1D-52D3D0EFBE22}.Release|Any CPU.Build.0 = Release|Any CPU
	EndGlobalSection
	GlobalSection(SolutionProperties) = preSolution
		HideSolutionNode = FALSE
	EndGlobalSection
	GlobalSection(ExtensibilityGlobals) = postSolution
		SolutionGuid = {71BD45E4-4A03-42F9-9C51-F21105975FFF}
	EndGlobalSection
EndGlobal
